
Microsoft Visual Studio Solution File, Format Version 12.00
Project("{FAE04EC0-301F-11D3-BF4B-00C04F79EFBC}") = "HomeWork6", "HomeWork6\HomeWork6.csproj", "{3FBAD28F-003E-47E8-A0B1-5BC15876E86D}"
EndProject
Project("{FAE04EC0-301F-11D3-BF4B-00C04F79EFBC}") = "MathHelper", "MathHelper\MathHelper.csproj", "{A3962EE4-6A66-4B16-ADB3-9F4F462DE808}"
EndProject
Global
	GlobalSection(SolutionConfigurationPlatforms) = preSolution
		Debug|Any CPU = Debug|Any CPU
		Release|Any CPU = Release|Any CPU
	EndGlobalSection
	GlobalSection(ProjectConfigurationPlatforms) = postSolution
		{3FBAD28F-003E-47E8-A0B1-5BC15876E86D}.Debug|Any CPU.ActiveCfg = Debug|Any CPU
		{3FBAD28F-003E-47E8-A0B1-5BC15876E86D}.Debug|Any CPU.Build.0 = Debug|Any CPU
		{3FBAD28F-003E-47E8-A0B1-5BC15876E86D}.Release|Any CPU.ActiveCfg = Release|Any CPU
		{3FBAD28F-003E-47E8-A0B1-5BC15876E86D}.Release|Any CPU.Build.0 = Release|Any CPU
		{A3962EE4-6A66-4B16-ADB3-9F4F462DE808}.Debug|Any CPU.ActiveCfg = Debug|Any CPU
		{A3962EE4-6A66-4B16-ADB3-9F4F462DE808}.Debug|Any CPU.Build.0 = Debug|Any CPU
		{A3962EE4-6A66-4B16-ADB3-9F4F462DE808}.Release|Any CPU.ActiveCfg = Release|Any CPU
		{A3962EE4-6A66-4B16-ADB3-9F4F462DE808}.Release|Any CPU.Build.0 = Release|Any CPU
	EndGlobalSection
EndGlobal
