
Microsoft Visual Studio Solution File, Format Version 12.00
Project("{FAE04EC0-301F-11D3-BF4B-00C04F79EFBC}") = "HomeWork_03", "HomeWork_03\HomeWork_03.csproj", "{CCD0A51F-A0B7-42DF-9AC1-FCEEEBC05759}"
EndProject
Global
	GlobalSection(SolutionConfigurationPlatforms) = preSolution
		Debug|Any CPU = Debug|Any CPU
		Release|Any CPU = Release|Any CPU
	EndGlobalSection
	GlobalSection(ProjectConfigurationPlatforms) = postSolution
		{CCD0A51F-A0B7-42DF-9AC1-FCEEEBC05759}.Debug|Any CPU.ActiveCfg = Debug|Any CPU
		{CCD0A51F-A0B7-42DF-9AC1-FCEEEBC05759}.Debug|Any CPU.Build.0 = Debug|Any CPU
		{CCD0A51F-A0B7-42DF-9AC1-FCEEEBC05759}.Release|Any CPU.ActiveCfg = Release|Any CPU
		{CCD0A51F-A0B7-42DF-9AC1-FCEEEBC05759}.Release|Any CPU.Build.0 = Release|Any CPU
	EndGlobalSection
EndGlobal
